
Microsoft Visual Studio Solution File, Format Version 12.00
# Visual Studio 14
VisualStudioVersion = 14.0.25420.1
MinimumVisualStudioVersion = 10.0.40219.1
Project("{E24C65DC-7377-472B-9ABA-BC803B73C61A}") = "ExaminationUI", "ExaminationUI\", "{076E06A8-A3F2-48C8-995E-EAB2C92363A2}"
	ProjectSection(WebsiteProperties) = preProject
		TargetFrameworkMoniker = ".NETFramework,Version%3Dv4.5"
		ProjectReferences = "{edcb2ae5-d2a5-49c4-a782-ed65d5e97769}|ExaminationBLL.dll;{742c4f9d-c66b-4f3d-acb3-d1657ccee63c}|ExaminationDAL.dll;{67628de4-921a-4a52-9491-35d627f391db}|ExaminationModels.dll;"
		Debug.AspNetCompiler.VirtualPath = "/localhost_59309"
		Debug.AspNetCompiler.PhysicalPath = "ExaminationUI\"
		Debug.AspNetCompiler.TargetPath = "PrecompiledWeb\localhost_59309\"
		Debug.AspNetCompiler.Updateable = "true"
		Debug.AspNetCompiler.ForceOverwrite = "true"
		Debug.AspNetCompiler.FixedNames = "false"
		Debug.AspNetCompiler.Debug = "True"
		Release.AspNetCompiler.VirtualPath = "/localhost_59309"
		Release.AspNetCompiler.PhysicalPath = "ExaminationUI\"
		Release.AspNetCompiler.TargetPath = "PrecompiledWeb\localhost_59309\"
		Release.AspNetCompiler.Updateable = "true"
		Release.AspNetCompiler.ForceOverwrite = "true"
		Release.AspNetCompiler.FixedNames = "false"
		Release.AspNetCompiler.Debug = "False"
		VWDPort = "59309"
		SlnRelativePath = "ExaminationUI\"
		DefaultWebSiteLanguage = "Visual C#"
	EndProjectSection
EndProject
Project("{FAE04EC0-301F-11D3-BF4B-00C04F79EFBC}") = "ExaminationBLL", "ExaminationBLL\ExaminationBLL.csproj", "{EDCB2AE5-D2A5-49C4-A782-ED65D5E97769}"
EndProject
Project("{FAE04EC0-301F-11D3-BF4B-00C04F79EFBC}") = "ExaminationDAL", "ExaminationDAL\ExaminationDAL.csproj", "{742C4F9D-C66B-4F3D-ACB3-D1657CCEE63C}"
EndProject
Project("{FAE04EC0-301F-11D3-BF4B-00C04F79EFBC}") = "ExaminationModels", "ExaminationModels\ExaminationModels.csproj", "{67628DE4-921A-4A52-9491-35D627F391DB}"
EndProject
Global
	GlobalSection(SolutionConfigurationPlatforms) = preSolution
		Debug|Any CPU = Debug|Any CPU
		Release|Any CPU = Release|Any CPU
	EndGlobalSection
	GlobalSection(ProjectConfigurationPlatforms) = postSolution
		{076E06A8-A3F2-48C8-995E-EAB2C92363A2}.Debug|Any CPU.ActiveCfg = Debug|Any CPU
		{076E06A8-A3F2-48C8-995E-EAB2C92363A2}.Debug|Any CPU.Build.0 = Debug|Any CPU
		{076E06A8-A3F2-48C8-995E-EAB2C92363A2}.Release|Any CPU.ActiveCfg = Debug|Any CPU
		{076E06A8-A3F2-48C8-995E-EAB2C92363A2}.Release|Any CPU.Build.0 = Debug|Any CPU
		{EDCB2AE5-D2A5-49C4-A782-ED65D5E97769}.Debug|Any CPU.ActiveCfg = Debug|Any CPU
		{EDCB2AE5-D2A5-49C4-A782-ED65D5E97769}.Debug|Any CPU.Build.0 = Debug|Any CPU
		{EDCB2AE5-D2A5-49C4-A782-ED65D5E97769}.Release|Any CPU.ActiveCfg = Release|Any CPU
		{EDCB2AE5-D2A5-49C4-A782-ED65D5E97769}.Release|Any CPU.Build.0 = Release|Any CPU
		{742C4F9D-C66B-4F3D-ACB3-D1657CCEE63C}.Debug|Any CPU.ActiveCfg = Debug|Any CPU
		{742C4F9D-C66B-4F3D-ACB3-D1657CCEE63C}.Debug|Any CPU.Build.0 = Debug|Any CPU
		{742C4F9D-C66B-4F3D-ACB3-D1657CCEE63C}.Release|Any CPU.ActiveCfg = Release|Any CPU
		{742C4F9D-C66B-4F3D-ACB3-D1657CCEE63C}.Release|Any CPU.Build.0 = Release|Any CPU
		{67628DE4-921A-4A52-9491-35D627F391DB}.Debug|Any CPU.ActiveCfg = Debug|Any CPU
		{67628DE4-921A-4A52-9491-35D627F391DB}.Debug|Any CPU.Build.0 = Debug|Any CPU
		{67628DE4-921A-4A52-9491-35D627F391DB}.Release|Any CPU.ActiveCfg = Release|Any CPU
		{67628DE4-921A-4A52-9491-35D627F391DB}.Release|Any CPU.Build.0 = Release|Any CPU
	EndGlobalSection
	GlobalSection(SolutionProperties) = preSolution
		HideSolutionNode = FALSE
	EndGlobalSection
EndGlobal
